
Microsoft Visual Studio Solution File, Format Version 12.00
# Visual Studio Version 16
VisualStudioVersion = 16.0.29613.14
MinimumVisualStudioVersion = 10.0.40219.1
Project("{2150E333-8FDC-42A3-9474-1A3956D46DE8}") = "0 - Apresentacao", "0 - Apresentacao", "{1F9B62BC-4EEA-482B-975B-DBAF0C57CFA0}"
EndProject
Project("{FAE04EC0-301F-11D3-BF4B-00C04F79EFBC}") = "MPS.MPSPadraoArquitetura.Web", "MPSPadraoArquitetura\MPS.MPSPadraoArquitetura.Web\MPS.MPSPadraoArquitetura.Web.csproj", "{9068CED9-A332-43E5-813C-8D0EED385AF1}"
EndProject
Project("{2150E333-8FDC-42A3-9474-1A3956D46DE8}") = "1 - Servicos Distribuidos", "1 - Servicos Distribuidos", "{2932CCBD-164E-4FB4-ABD5-C30C44E5784B}"
EndProject
Project("{2150E333-8FDC-42A3-9474-1A3956D46DE8}") = "1.1 - WCF", "1.1 - WCF", "{06FDB961-A315-4BF9-BFD3-87E64A8BA270}"
EndProject
Project("{FAE04EC0-301F-11D3-BF4B-00C04F79EFBC}") = "MPS.MPSPadraoArquitetura.WCF", "MPSPadraoArquitetura\MPS.MPSPadraoArquitetura.WCF\MPS.MPSPadraoArquitetura.WCF.csproj", "{BB34F6A5-CD65-4121-A31D-6C7578C74F72}"
EndProject
Project("{2150E333-8FDC-42A3-9474-1A3956D46DE8}") = "1.2 - Api", "1.2 - Api", "{C0FE845A-5C09-49D0-833D-FFC2D2D45C0A}"
EndProject
Project("{FAE04EC0-301F-11D3-BF4B-00C04F79EFBC}") = "MPS.MPSPadraoArquitetura.Api", "MPSPadraoArquitetura\MPS.MPSPadraoArquitetura.Api\MPS.MPSPadraoArquitetura.Api.csproj", "{23AEB36D-CCB1-4D5C-8B5E-E68EA0541E41}"
EndProject
Project("{2150E333-8FDC-42A3-9474-1A3956D46DE8}") = "1.3 - Windows Services", "1.3 - Windows Services", "{1F72B09D-9572-480A-9DC1-89AFAC3DD8FF}"
EndProject
Project("{2150E333-8FDC-42A3-9474-1A3956D46DE8}") = "2 - Aplicacao", "2 - Aplicacao", "{566FF23B-9F26-41DB-8407-0251F0FF6558}"
EndProject
Project("{FAE04EC0-301F-11D3-BF4B-00C04F79EFBC}") = "MPS.MPSPadraoArquitetura.Aplicacao", "MPSPadraoArquitetura\MPS.MPSPadraoArquitetura.Aplicacao\MPS.MPSPadraoArquitetura.Aplicacao.csproj", "{DC4BE0EF-96BC-4A07-8316-E05E40D74314}"
EndProject
Project("{2150E333-8FDC-42A3-9474-1A3956D46DE8}") = "3 - Dominio", "3 - Dominio", "{F6C8D3E2-5A38-457B-BE20-B38C7DC4E6F0}"
EndProject
Project("{9A19103F-16F7-4668-BE54-9A1E7A4F7556}") = "MPS.MPSPadraoArquitetura.Dominio", "MPSPadraoArquitetura\MPS.MPSPadraoArquitetura.Dominio\MPS.MPSPadraoArquitetura.Dominio.csproj", "{2DC5E69B-A996-45EA-9C2E-85711882D835}"
EndProject
Project("{9A19103F-16F7-4668-BE54-9A1E7A4F7556}") = "MPS.MPSPadraoArquitetura.QueryModel", "MPSPadraoArquitetura\MPS.MPSPadraoArquitetura.QueryModel\MPS.MPSPadraoArquitetura.QueryModel.csproj", "{4E40FA15-68D7-4E57-9D0A-8B0130D95F65}"
EndProject
Project("{FAE04EC0-301F-11D3-BF4B-00C04F79EFBC}") = "MPS.MPSPadraoArquitetura.SharedKernel", "MPSPadraoArquitetura\MPS.MPSPadraoArquitetura.SharedKernel\MPS.MPSPadraoArquitetura.SharedKernel.csproj", "{71395C7C-FF03-4DE9-850D-FA11756C4449}"
EndProject
Project("{2150E333-8FDC-42A3-9474-1A3956D46DE8}") = "4 - Infraestrutura", "4 - Infraestrutura", "{919A34BD-193A-4C8B-9E91-0C2903DC3C62}"
EndProject
Project("{2150E333-8FDC-42A3-9474-1A3956D46DE8}") = "4.1 - Dados", "4.1 - Dados", "{9AFF9171-8868-41DA-A75D-706246466410}"
EndProject
Project("{FAE04EC0-301F-11D3-BF4B-00C04F79EFBC}") = "MPS.MPSPadraoArquitetura.Infra.Dados", "MPSPadraoArquitetura\MPS.MPSPadraoArquitetura.Infra.Dados\MPS.MPSPadraoArquitetura.Infra.Dados.csproj", "{AC52CC63-8D75-43D6-89BC-3C15F8C8889F}"
EndProject
Project("{FAE04EC0-301F-11D3-BF4B-00C04F79EFBC}") = "MPS.MPSPadraoArquitetura.Infra.Query", "MPSPadraoArquitetura\MPS.MPSPadraoArquitetura.Infra.Query\MPS.MPSPadraoArquitetura.Infra.Query.csproj", "{AEA7895D-0D85-45EE-B8D1-C04F89D29277}"
EndProject
Project("{2150E333-8FDC-42A3-9474-1A3956D46DE8}") = "4.2 - Utilitarios", "4.2 - Utilitarios", "{4C5BFE37-930D-4F38-B1DE-D4E5F3A51892}"
EndProject
Project("{2150E333-8FDC-42A3-9474-1A3956D46DE8}") = "4.2.1 - IoC", "4.2.1 - IoC", "{ACE0A874-D6A9-4428-B49F-D51199DA0666}"
EndProject
Project("{FAE04EC0-301F-11D3-BF4B-00C04F79EFBC}") = "MPS.MPSPadraoArquitetura.Utilitarios.IoC", "MPSPadraoArquitetura\MPS.MPSPadraoArquitetura.Utilitarios.IoC\MPS.MPSPadraoArquitetura.Utilitarios.IoC.csproj", "{0952F163-0EC7-42BF-B4E4-F63111543DDE}"
EndProject
Project("{2150E333-8FDC-42A3-9474-1A3956D46DE8}") = "4.3 - DataTools", "4.3 - DataTools", "{4F76BD0B-E20D-4222-8B7A-40A5727AF53E}"
EndProject
Project("{00D1A9C2-B5F0-4AF3-8072-F6C62B433612}") = "MPS.MPSPadraoArquitetura.DataTools", "MPSPadraoArquitetura\MPS.MPSPadraoArquitetura.DataTools\MPS.MPSPadraoArquitetura.DataTools.sqlproj", "{CC34AC0D-799D-4C03-8F56-A5E760CB8784}"
EndProject
Project("{2150E333-8FDC-42A3-9474-1A3956D46DE8}") = "5 - Testes", "5 - Testes", "{7D3033CC-5F98-4B59-88EC-C24044ED3911}"
EndProject
Project("{2150E333-8FDC-42A3-9474-1A3956D46DE8}") = "0 - Apresentacao", "0 - Apresentacao", "{EE411989-B2A8-4EE6-ACEF-F14F807B1F27}"
EndProject
Project("{2150E333-8FDC-42A3-9474-1A3956D46DE8}") = "1 - Servicos Distribuidos", "1 - Servicos Distribuidos", "{765429ED-7937-40FF-8B03-B4701ECECE59}"
EndProject
Project("{2150E333-8FDC-42A3-9474-1A3956D46DE8}") = "2 - Aplicacao", "2 - Aplicacao", "{24E7A095-2443-46EE-B7EB-7946263B1330}"
EndProject
Project("{2150E333-8FDC-42A3-9474-1A3956D46DE8}") = "3 - Dominio", "3 - Dominio", "{75C4D241-C42B-4715-A90D-854C6BA52B25}"
EndProject
Project("{FAE04EC0-301F-11D3-BF4B-00C04F79EFBC}") = "MPS.MPSPadraoArquitetura.Dominio.UnitTest", "MPSPadraoArquitetura\MPS.MPSPadraoArquitetura.Dominio.UnitTest\MPS.MPSPadraoArquitetura.Dominio.UnitTest.csproj", "{9C3B0F76-1850-46C4-B54C-992CAB63D1A3}"
EndProject
Project("{FAE04EC0-301F-11D3-BF4B-00C04F79EFBC}") = "MPS.MPSPadraoArquitetura.SharedKernel.UnitTest", "MPSPadraoArquitetura\MPS.MPSPadraoArquitetura.SharedKernel.UnitTest\MPS.MPSPadraoArquitetura.SharedKernel.UnitTest.csproj", "{F809021C-ED48-4405-A4D7-30D5A6678E9D}"
EndProject
Project("{2150E333-8FDC-42A3-9474-1A3956D46DE8}") = "4 - Infraestrutura", "4 - Infraestrutura", "{AE60EA54-266E-4C42-A638-C1DFBD3A9248}"
EndProject
Project("{2150E333-8FDC-42A3-9474-1A3956D46DE8}") = "4.1 - Dados", "4.1 - Dados", "{65A1A91E-4D5C-4F7D-BF70-915A448671C5}"
EndProject
Project("{2150E333-8FDC-42A3-9474-1A3956D46DE8}") = "4.2 - Utilitarios", "4.2 - Utilitarios", "{230417A1-84A7-4AFB-9B28-003A3F4AB23A}"
EndProject
Project("{9A19103F-16F7-4668-BE54-9A1E7A4F7556}") = "MPS.MPSPadraoArquitetura.Domain.Common", "MPSPadraoArquitetura\MPS.MPSPadraoArquitetura.Common\MPS.MPSPadraoArquitetura.Domain.Common.csproj", "{8A5D497A-6DB5-4042-8C41-2BE262CE7870}"
EndProject
Global
	GlobalSection(SolutionConfigurationPlatforms) = preSolution
		Debug|Any CPU = Debug|Any CPU
		Release|Any CPU = Release|Any CPU
	EndGlobalSection
	GlobalSection(ProjectConfigurationPlatforms) = postSolution
		{9068CED9-A332-43E5-813C-8D0EED385AF1}.Debug|Any CPU.ActiveCfg = Debug|Any CPU
		{9068CED9-A332-43E5-813C-8D0EED385AF1}.Debug|Any CPU.Build.0 = Debug|Any CPU
		{9068CED9-A332-43E5-813C-8D0EED385AF1}.Release|Any CPU.ActiveCfg = Release|Any CPU
		{9068CED9-A332-43E5-813C-8D0EED385AF1}.Release|Any CPU.Build.0 = Release|Any CPU
		{BB34F6A5-CD65-4121-A31D-6C7578C74F72}.Debug|Any CPU.ActiveCfg = Debug|Any CPU
		{BB34F6A5-CD65-4121-A31D-6C7578C74F72}.Debug|Any CPU.Build.0 = Debug|Any CPU
		{BB34F6A5-CD65-4121-A31D-6C7578C74F72}.Release|Any CPU.ActiveCfg = Release|Any CPU
		{BB34F6A5-CD65-4121-A31D-6C7578C74F72}.Release|Any CPU.Build.0 = Release|Any CPU
		{23AEB36D-CCB1-4D5C-8B5E-E68EA0541E41}.Debug|Any CPU.ActiveCfg = Debug|Any CPU
		{23AEB36D-CCB1-4D5C-8B5E-E68EA0541E41}.Debug|Any CPU.Build.0 = Debug|Any CPU
		{23AEB36D-CCB1-4D5C-8B5E-E68EA0541E41}.Release|Any CPU.ActiveCfg = Release|Any CPU
		{23AEB36D-CCB1-4D5C-8B5E-E68EA0541E41}.Release|Any CPU.Build.0 = Release|Any CPU
		{DC4BE0EF-96BC-4A07-8316-E05E40D74314}.Debug|Any CPU.ActiveCfg = Debug|Any CPU
		{DC4BE0EF-96BC-4A07-8316-E05E40D74314}.Debug|Any CPU.Build.0 = Debug|Any CPU
		{DC4BE0EF-96BC-4A07-8316-E05E40D74314}.Release|Any CPU.ActiveCfg = Release|Any CPU
		{DC4BE0EF-96BC-4A07-8316-E05E40D74314}.Release|Any CPU.Build.0 = Release|Any CPU
		{2DC5E69B-A996-45EA-9C2E-85711882D835}.Debug|Any CPU.ActiveCfg = Debug|Any CPU
		{2DC5E69B-A996-45EA-9C2E-85711882D835}.Debug|Any CPU.Build.0 = Debug|Any CPU
		{2DC5E69B-A996-45EA-9C2E-85711882D835}.Release|Any CPU.ActiveCfg = Release|Any CPU
		{2DC5E69B-A996-45EA-9C2E-85711882D835}.Release|Any CPU.Build.0 = Release|Any CPU
		{4E40FA15-68D7-4E57-9D0A-8B0130D95F65}.Debug|Any CPU.ActiveCfg = Debug|Any CPU
		{4E40FA15-68D7-4E57-9D0A-8B0130D95F65}.Debug|Any CPU.Build.0 = Debug|Any CPU
		{4E40FA15-68D7-4E57-9D0A-8B0130D95F65}.Release|Any CPU.ActiveCfg = Release|Any CPU
		{4E40FA15-68D7-4E57-9D0A-8B0130D95F65}.Release|Any CPU.Build.0 = Release|Any CPU
		{71395C7C-FF03-4DE9-850D-FA11756C4449}.Debug|Any CPU.ActiveCfg = Debug|Any CPU
		{71395C7C-FF03-4DE9-850D-FA11756C4449}.Debug|Any CPU.Build.0 = Debug|Any CPU
		{71395C7C-FF03-4DE9-850D-FA11756C4449}.Release|Any CPU.ActiveCfg = Release|Any CPU
		{71395C7C-FF03-4DE9-850D-FA11756C4449}.Release|Any CPU.Build.0 = Release|Any CPU
		{AC52CC63-8D75-43D6-89BC-3C15F8C8889F}.Debug|Any CPU.ActiveCfg = Debug|Any CPU
		{AC52CC63-8D75-43D6-89BC-3C15F8C8889F}.Debug|Any CPU.Build.0 = Debug|Any CPU
		{AC52CC63-8D75-43D6-89BC-3C15F8C8889F}.Release|Any CPU.ActiveCfg = Release|Any CPU
		{AC52CC63-8D75-43D6-89BC-3C15F8C8889F}.Release|Any CPU.Build.0 = Release|Any CPU
		{AEA7895D-0D85-45EE-B8D1-C04F89D29277}.Debug|Any CPU.ActiveCfg = Debug|Any CPU
		{AEA7895D-0D85-45EE-B8D1-C04F89D29277}.Debug|Any CPU.Build.0 = Debug|Any CPU
		{AEA7895D-0D85-45EE-B8D1-C04F89D29277}.Release|Any CPU.ActiveCfg = Release|Any CPU
		{AEA7895D-0D85-45EE-B8D1-C04F89D29277}.Release|Any CPU.Build.0 = Release|Any CPU
		{0952F163-0EC7-42BF-B4E4-F63111543DDE}.Debug|Any CPU.ActiveCfg = Debug|Any CPU
		{0952F163-0EC7-42BF-B4E4-F63111543DDE}.Debug|Any CPU.Build.0 = Debug|Any CPU
		{0952F163-0EC7-42BF-B4E4-F63111543DDE}.Release|Any CPU.ActiveCfg = Release|Any CPU
		{0952F163-0EC7-42BF-B4E4-F63111543DDE}.Release|Any CPU.Build.0 = Release|Any CPU
		{CC34AC0D-799D-4C03-8F56-A5E760CB8784}.Debug|Any CPU.ActiveCfg = Debug|Any CPU
		{CC34AC0D-799D-4C03-8F56-A5E760CB8784}.Debug|Any CPU.Build.0 = Debug|Any CPU
		{CC34AC0D-799D-4C03-8F56-A5E760CB8784}.Release|Any CPU.ActiveCfg = Release|Any CPU
		{CC34AC0D-799D-4C03-8F56-A5E760CB8784}.Release|Any CPU.Build.0 = Release|Any CPU
		{CC34AC0D-799D-4C03-8F56-A5E760CB8784}.Release|Any CPU.Deploy.0 = Release|Any CPU
		{9C3B0F76-1850-46C4-B54C-992CAB63D1A3}.Debug|Any CPU.ActiveCfg = Debug|Any CPU
		{9C3B0F76-1850-46C4-B54C-992CAB63D1A3}.Debug|Any CPU.Build.0 = Debug|Any CPU
		{9C3B0F76-1850-46C4-B54C-992CAB63D1A3}.Release|Any CPU.ActiveCfg = Release|Any CPU
		{9C3B0F76-1850-46C4-B54C-992CAB63D1A3}.Release|Any CPU.Build.0 = Release|Any CPU
		{F809021C-ED48-4405-A4D7-30D5A6678E9D}.Debug|Any CPU.ActiveCfg = Debug|Any CPU
		{F809021C-ED48-4405-A4D7-30D5A6678E9D}.Debug|Any CPU.Build.0 = Debug|Any CPU
		{F809021C-ED48-4405-A4D7-30D5A6678E9D}.Release|Any CPU.ActiveCfg = Release|Any CPU
		{F809021C-ED48-4405-A4D7-30D5A6678E9D}.Release|Any CPU.Build.0 = Release|Any CPU
		{8A5D497A-6DB5-4042-8C41-2BE262CE7870}.Debug|Any CPU.ActiveCfg = Debug|Any CPU
		{8A5D497A-6DB5-4042-8C41-2BE262CE7870}.Debug|Any CPU.Build.0 = Debug|Any CPU
		{8A5D497A-6DB5-4042-8C41-2BE262CE7870}.Release|Any CPU.ActiveCfg = Release|Any CPU
		{8A5D497A-6DB5-4042-8C41-2BE262CE7870}.Release|Any CPU.Build.0 = Release|Any CPU
	EndGlobalSection
	GlobalSection(SolutionProperties) = preSolution
		HideSolutionNode = FALSE
	EndGlobalSection
	GlobalSection(NestedProjects) = preSolution
		{9068CED9-A332-43E5-813C-8D0EED385AF1} = {1F9B62BC-4EEA-482B-975B-DBAF0C57CFA0}
		{06FDB961-A315-4BF9-BFD3-87E64A8BA270} = {2932CCBD-164E-4FB4-ABD5-C30C44E5784B}
		{BB34F6A5-CD65-4121-A31D-6C7578C74F72} = {06FDB961-A315-4BF9-BFD3-87E64A8BA270}
		{C0FE845A-5C09-49D0-833D-FFC2D2D45C0A} = {2932CCBD-164E-4FB4-ABD5-C30C44E5784B}
		{23AEB36D-CCB1-4D5C-8B5E-E68EA0541E41} = {C0FE845A-5C09-49D0-833D-FFC2D2D45C0A}
		{1F72B09D-9572-480A-9DC1-89AFAC3DD8FF} = {2932CCBD-164E-4FB4-ABD5-C30C44E5784B}
		{DC4BE0EF-96BC-4A07-8316-E05E40D74314} = {566FF23B-9F26-41DB-8407-0251F0FF6558}
		{2DC5E69B-A996-45EA-9C2E-85711882D835} = {F6C8D3E2-5A38-457B-BE20-B38C7DC4E6F0}
		{4E40FA15-68D7-4E57-9D0A-8B0130D95F65} = {F6C8D3E2-5A38-457B-BE20-B38C7DC4E6F0}
		{71395C7C-FF03-4DE9-850D-FA11756C4449} = {F6C8D3E2-5A38-457B-BE20-B38C7DC4E6F0}
		{9AFF9171-8868-41DA-A75D-706246466410} = {919A34BD-193A-4C8B-9E91-0C2903DC3C62}
		{AC52CC63-8D75-43D6-89BC-3C15F8C8889F} = {9AFF9171-8868-41DA-A75D-706246466410}
		{AEA7895D-0D85-45EE-B8D1-C04F89D29277} = {9AFF9171-8868-41DA-A75D-706246466410}
		{4C5BFE37-930D-4F38-B1DE-D4E5F3A51892} = {919A34BD-193A-4C8B-9E91-0C2903DC3C62}
		{ACE0A874-D6A9-4428-B49F-D51199DA0666} = {4C5BFE37-930D-4F38-B1DE-D4E5F3A51892}
		{0952F163-0EC7-42BF-B4E4-F63111543DDE} = {ACE0A874-D6A9-4428-B49F-D51199DA0666}
		{4F76BD0B-E20D-4222-8B7A-40A5727AF53E} = {919A34BD-193A-4C8B-9E91-0C2903DC3C62}
		{CC34AC0D-799D-4C03-8F56-A5E760CB8784} = {4F76BD0B-E20D-4222-8B7A-40A5727AF53E}
		{EE411989-B2A8-4EE6-ACEF-F14F807B1F27} = {7D3033CC-5F98-4B59-88EC-C24044ED3911}
		{765429ED-7937-40FF-8B03-B4701ECECE59} = {7D3033CC-5F98-4B59-88EC-C24044ED3911}
		{24E7A095-2443-46EE-B7EB-7946263B1330} = {7D3033CC-5F98-4B59-88EC-C24044ED3911}
		{75C4D241-C42B-4715-A90D-854C6BA52B25} = {7D3033CC-5F98-4B59-88EC-C24044ED3911}
		{9C3B0F76-1850-46C4-B54C-992CAB63D1A3} = {75C4D241-C42B-4715-A90D-854C6BA52B25}
		{F809021C-ED48-4405-A4D7-30D5A6678E9D} = {75C4D241-C42B-4715-A90D-854C6BA52B25}
		{AE60EA54-266E-4C42-A638-C1DFBD3A9248} = {7D3033CC-5F98-4B59-88EC-C24044ED3911}
		{65A1A91E-4D5C-4F7D-BF70-915A448671C5} = {AE60EA54-266E-4C42-A638-C1DFBD3A9248}
		{230417A1-84A7-4AFB-9B28-003A3F4AB23A} = {AE60EA54-266E-4C42-A638-C1DFBD3A9248}
		{8A5D497A-6DB5-4042-8C41-2BE262CE7870} = {F6C8D3E2-5A38-457B-BE20-B38C7DC4E6F0}
	EndGlobalSection
	GlobalSection(ExtensibilityGlobals) = postSolution
		SolutionGuid = {A97E94AC-249F-4CA9-B9CA-17FC739F641E}
	EndGlobalSection
EndGlobal
